
Microsoft Visual Studio Solution File, Format Version 12.00
# Visual Studio Version 17
VisualStudioVersion = 17.2.32630.192
MinimumVisualStudioVersion = 10.0.40219.1
Project("{FAE04EC0-301F-11D3-BF4B-00C04F79EFBC}") = "StudentAdminAPI", "StudentAdminAPI\StudentAdminAPI.csproj", "{157FBEB2-046D-4B52-802F-ED5DA3E3EB4B}"
EndProject
Global
	GlobalSection(SolutionConfigurationPlatforms) = preSolution
		Debug|Any CPU = Debug|Any CPU
		Release|Any CPU = Release|Any CPU
	EndGlobalSection
	GlobalSection(ProjectConfigurationPlatforms) = postSolution
		{157FBEB2-046D-4B52-802F-ED5DA3E3EB4B}.Debug|Any CPU.ActiveCfg = Debug|Any CPU
		{157FBEB2-046D-4B52-802F-ED5DA3E3EB4B}.Debug|Any CPU.Build.0 = Debug|Any CPU
		{157FBEB2-046D-4B52-802F-ED5DA3E3EB4B}.Release|Any CPU.ActiveCfg = Release|Any CPU
		{157FBEB2-046D-4B52-802F-ED5DA3E3EB4B}.Release|Any CPU.Build.0 = Release|Any CPU
	EndGlobalSection
	GlobalSection(SolutionProperties) = preSolution
		HideSolutionNode = FALSE
	EndGlobalSection
	GlobalSection(ExtensibilityGlobals) = postSolution
		SolutionGuid = {A3A81BBB-D3E4-45DB-8414-0EA33BEAFD4A}
	EndGlobalSection
EndGlobal
